
Microsoft Visual Studio Solution File, Format Version 12.00
# Visual Studio Version 16
VisualStudioVersion = 16.0.29609.76
MinimumVisualStudioVersion = 10.0.40219.1
Project("{FAE04EC0-301F-11D3-BF4B-00C04F79EFBC}") = "max-larsson-Eprov-del2", "max-larsson-Eprov-del2\max-larsson-Eprov-del2.csproj", "{4A41BF80-C296-4798-B861-825CA2078051}"
EndProject
Global
	GlobalSection(SolutionConfigurationPlatforms) = preSolution
		Debug|Any CPU = Debug|Any CPU
		Release|Any CPU = Release|Any CPU
	EndGlobalSection
	GlobalSection(ProjectConfigurationPlatforms) = postSolution
		{4A41BF80-C296-4798-B861-825CA2078051}.Debug|Any CPU.ActiveCfg = Debug|Any CPU
		{4A41BF80-C296-4798-B861-825CA2078051}.Debug|Any CPU.Build.0 = Debug|Any CPU
		{4A41BF80-C296-4798-B861-825CA2078051}.Release|Any CPU.ActiveCfg = Release|Any CPU
		{4A41BF80-C296-4798-B861-825CA2078051}.Release|Any CPU.Build.0 = Release|Any CPU
	EndGlobalSection
	GlobalSection(SolutionProperties) = preSolution
		HideSolutionNode = FALSE
	EndGlobalSection
	GlobalSection(ExtensibilityGlobals) = postSolution
		SolutionGuid = {5B2047FB-DA25-40F1-93C7-A287AB170630}
	EndGlobalSection
EndGlobal
